# THIS IS AN AUTOGENERATED FILE. DO NOT EDIT THIS FILE DIRECTLY.
# yarn lockfile v1


"@androz2091/discord-invites-tracker@^1.1.1":
  "integrity" "sha512-5oGwZNLnQcn+PMqtif84aCjbDdqCYvw0r8brRtlBDQV0HLwfLimD6XSo19HpTQY/1Z6dT1A9nEmvLHHvU8YEjw=="
  "resolved" "https://registry.npmjs.org/@androz2091/discord-invites-tracker/-/discord-invites-tracker-1.1.1.tgz"
  "version" "1.1.1"

"@discordjs/builders@^0.16.0-dev":
  "integrity" "sha512-dEt2Z/bcwDnit8ZOtJF6fgS3c7KyS9EbsEzKdbS1uLgQBmV4Z0rkWLPADaGsRG2GHcgmwAFgq6U7+uJ++L7jWw=="
  "resolved" "https://registry.npmjs.org/@discordjs/builders/-/builders-0.16.0-dev.1657109073-8198da5.tgz"
  "version" "0.16.0-dev.1657109073-8198da5"
  dependencies:
    "@sapphire/shapeshift" "^3.4.1"
    "discord-api-types" "^0.33.5"
    "fast-deep-equal" "^3.1.3"
    "ts-mixer" "^6.0.1"
    "tslib" "^2.4.0"

"@discordjs/collection@^0.8.0-dev":
  "integrity" "sha512-Wuk8NoyZsC1bysRcqPL86+mM4htguunvp3tqkMiKEr7D9aaBZsY9S656hNVKuhqF0gNEZYnsfYxTsojyxuHkHQ=="
  "resolved" "https://registry.npmjs.org/@discordjs/collection/-/collection-0.8.0-dev.1657109660-8198da5.tgz"
  "version" "0.8.0-dev.1657109660-8198da5"

"@discordjs/rest@^0.6.0-dev":
  "integrity" "sha512-Nx+X+fWUxtkFvryrRJzbtOFBWFd2zt6TmPZHoi/eOovIYIIbSb2gFPXxpbWvK3+4U1zPHRQwNROjm15ipck9oQ=="
  "resolved" "https://registry.npmjs.org/@discordjs/rest/-/rest-0.6.0-dev.1657109078-8198da5.tgz"
  "version" "0.6.0-dev.1657109078-8198da5"
  dependencies:
    "@discordjs/collection" "^0.8.0-dev"
    "@sapphire/async-queue" "^1.3.2"
    "@sapphire/snowflake" "^3.2.2"
    "discord-api-types" "^0.33.5"
    "tslib" "^2.4.0"
    "undici" "^5.6.0"

"@sapphire/async-queue@^1.3.2":
  "integrity" "sha512-rUpMLATsoAMnlN3gecAcr9Ecnw1vG7zi5Xr+IX22YzRzi1k9PF9vKzoT8RuEJbiIszjcimu3rveqUnvwDopz8g=="
  "resolved" "https://registry.npmjs.org/@sapphire/async-queue/-/async-queue-1.3.2.tgz"
  "version" "1.3.2"

"@sapphire/shapeshift@^3.4.1":
  "integrity" "sha512-OSR/yVE6butSlp/yvKntcg92k8IIDeTccfz1fw69lTZN02+JJ2GyKnA3Z1CLYelWc8Dh/yqO/iGTo9ypxFcAcg=="
  "resolved" "https://registry.npmjs.org/@sapphire/shapeshift/-/shapeshift-3.4.1.tgz"
  "version" "3.4.1"

"@sapphire/snowflake@^3.2.2":
  "integrity" "sha512-ula2O0kpSZtX9rKXNeQMrHwNd7E4jPDJYUXmEGTFdMRfyfMw+FPyh04oKMjAiDuOi64bYgVkOV3MjK+loImFhQ=="
  "resolved" "https://registry.npmjs.org/@sapphire/snowflake/-/snowflake-3.2.2.tgz"
  "version" "3.2.2"

"@types/node@*":
  "integrity" "sha512-HzNRZtp4eepNitP+BD6k2L6DROIDG4Q0fm4x+dwfsr6LGmROENnok75VGw40628xf+iR24WeMFcHuuBDUAzzsQ=="
  "resolved" "https://registry.npmjs.org/@types/node/-/node-18.0.3.tgz"
  "version" "18.0.3"

"@types/ws@^8.5.3":
  "integrity" "sha512-6YOoWjruKj1uLf3INHH7D3qTXwFfEsg1kf3c0uDdSBJwfa/llkwIjrAGV7j7mVgGNbzTQ3HiHKKDXl6bJPD97w=="
  "resolved" "https://registry.npmjs.org/@types/ws/-/ws-8.5.3.tgz"
  "version" "8.5.3"
  dependencies:
    "@types/node" "*"

"discord-api-types@^0.33.5":
  "integrity" "sha512-dvO5M52v7m7Dy96+XUnzXNsQ/0npsYpU6dL205kAtEDueswoz3aU3bh1UMoK4cQmcGtB1YRyLKqp+DXi05lzFg=="
  "resolved" "https://registry.npmjs.org/discord-api-types/-/discord-api-types-0.33.5.tgz"
  "version" "0.33.5"

"discord.js@^14.0.0-dev.1657109083-8198da5":
  "integrity" "sha512-HuGJdY84q87BG2HGavOLjdHI6A/44Md6f71f2Af3kEQ9EhZ03GiOYLIS7TD5yFJvaUH4fhgwEKnTI4Qt0ZO0sQ=="
  "resolved" "https://registry.npmjs.org/discord.js/-/discord.js-14.0.0-dev.1657109083-8198da5.tgz"
  "version" "14.0.0-dev.1657109083-8198da5"
  dependencies:
    "@discordjs/builders" "^0.16.0-dev"
    "@discordjs/collection" "^0.8.0-dev"
    "@discordjs/rest" "^0.6.0-dev"
    "@sapphire/snowflake" "^3.2.2"
    "@types/ws" "^8.5.3"
    "discord-api-types" "^0.33.5"
    "fast-deep-equal" "^3.1.3"
    "lodash.snakecase" "^4.1.1"
    "tslib" "^2.4.0"
    "undici" "^5.6.0"
    "ws" "^8.8.0"

"dotenv@^16.0.0":
  "integrity" "sha512-7GO6HghkA5fYG9TYnNxi14/7K9f5occMlp3zXAuSxn7CKCxt9xbNWG7yF8hTCSUchlfWSe3uLmlPfigevRItzQ=="
  "resolved" "https://registry.npmjs.org/dotenv/-/dotenv-16.0.3.tgz"
  "version" "16.0.3"

"easy-json-database@^1.5.0":
  "integrity" "sha512-ccd5ALfo/GKfc8kRnG3Lib1dhLzEzv45/hvzjVfp7Np8RqbNsBCBTZvUGEkra5UshPR5DP1Q8FSIhqMwOIEMZQ=="
  "resolved" "https://registry.npmjs.org/easy-json-database/-/easy-json-database-1.5.0.tgz"
  "version" "1.5.0"

"fast-deep-equal@^3.1.3":
  "integrity" "sha512-f3qQ9oQy9j2AhBe/H9VC91wLmKBCCU/gDOnKNAYG5hswO7BLKj09Hc5HYNz9cGI++xlpDCIgDaitVs03ATR84Q=="
  "resolved" "https://registry.npmjs.org/fast-deep-equal/-/fast-deep-equal-3.1.3.tgz"
  "version" "3.1.3"

"invite-tracker-discord@^1.0.2":
  "integrity" "sha512-fyNJfs8opxOWPsi9H85p274dgfWqBXvQ7DQKd81QF2oRw80wRR33TCzC/jBjzxIv5x+r2Sgk5xiX1pGf8mDTSA=="
  "resolved" "https://registry.npmjs.org/invite-tracker-discord/-/invite-tracker-discord-1.0.2.tgz"
  "version" "1.0.2"
  dependencies:
    "dotenv" "^16.0.0"
    "easy-json-database" "^1.5.0"

"lodash.snakecase@^4.1.1":
  "integrity" "sha512-QZ1d4xoBHYUeuouhEq3lk3Uq7ldgyFXGBhg04+oRLnIz8o9T65Eh+8YdroUwn846zchkA9yDsDl5CVVaV2nqYw=="
  "resolved" "https://registry.npmjs.org/lodash.snakecase/-/lodash.snakecase-4.1.1.tgz"
  "version" "4.1.1"

"node-fetch@^2.6.7":
  "integrity" "sha512-ZjMPFEfVx5j+y2yF35Kzx5sF7kDzxuDj6ziH4FFbOp87zKDZNx8yExJIb05OGF4Nlt9IHFIMBkRl41VdvcNdbQ=="
  "resolved" "https://registry.npmjs.org/node-fetch/-/node-fetch-2.6.7.tgz"
  "version" "2.6.7"
  dependencies:
    "whatwg-url" "^5.0.0"

"tr46@~0.0.3":
  "integrity" "sha512-N3WMsuqV66lT30CrXNbEjx4GEwlow3v6rr4mCcv6prnfwhS01rkgyFdjPNBYd9br7LpXV1+Emh01fHnq2Gdgrw=="
  "resolved" "https://registry.npmjs.org/tr46/-/tr46-0.0.3.tgz"
  "version" "0.0.3"

"ts-mixer@^6.0.1":
  "integrity" "sha512-hvE+ZYXuINrx6Ei6D6hz+PTim0Uf++dYbK9FFifLNwQj+RwKquhQpn868yZsCtJYiclZF1u8l6WZxxKi+vv7Rg=="
  "resolved" "https://registry.npmjs.org/ts-mixer/-/ts-mixer-6.0.1.tgz"
  "version" "6.0.1"

"tslib@^2.4.0":
  "integrity" "sha512-d6xOpEDfsi2CZVlPQzGeux8XMwLT9hssAsaPYExaQMuYskwb+x1x7J371tWlbBdWHroy99KnVB6qIkUbs5X3UQ=="
  "resolved" "https://registry.npmjs.org/tslib/-/tslib-2.4.0.tgz"
  "version" "2.4.0"

"twitter-api-v2@^1.12.3":
  "integrity" "sha512-FM+RmHdVbCKw/KZ99+if4JQyl2Nx5eF/Jl8CNDeV5J/NSnuFgk3bFw1cZHcNusXitxTWIQ0TQFHr1BkgWDz0wQ=="
  "resolved" "https://registry.npmjs.org/twitter-api-v2/-/twitter-api-v2-1.12.3.tgz"
  "version" "1.12.3"

"undici@^5.6.0":
  "integrity" "sha512-mc+8SY1fXubTrdx4CXDkeFFGV8lI3Tq4I/70U1V8Z6g4iscGII0uLO7CPnDt56bXEbvaKwo2T2+VrteWbZiXiQ=="
  "resolved" "https://registry.npmjs.org/undici/-/undici-5.6.0.tgz"
  "version" "5.6.0"

"webidl-conversions@^3.0.0":
  "integrity" "sha512-2JAn3z8AR6rjK8Sm8orRC0h/bcl/DqL7tRPdGZ4I1CjdF+EaMLmYxBHyXuKL849eucPFhvBoxMsflfOb8kxaeQ=="
  "resolved" "https://registry.npmjs.org/webidl-conversions/-/webidl-conversions-3.0.1.tgz"
  "version" "3.0.1"

"whatwg-url@^5.0.0":
  "integrity" "sha512-saE57nupxk6v3HY35+jzBwYa0rKSy0XR8JSxZPwgLr7ys0IBzhGviA1/TUGJLmSVqs8pb9AnvICXEuOHLprYTw=="
  "resolved" "https://registry.npmjs.org/whatwg-url/-/whatwg-url-5.0.0.tgz"
  "version" "5.0.0"
  dependencies:
    "tr46" "~0.0.3"
    "webidl-conversions" "^3.0.0"

"ws@^8.8.0":
  "integrity" "sha512-JDAgSYQ1ksuwqfChJusw1LSJ8BizJ2e/vVu5Lxjq3YvNJNlROv1ui4i+c/kUUrPheBvQl4c5UbERhTwKa6QBJQ=="
  "resolved" "https://registry.npmjs.org/ws/-/ws-8.8.0.tgz"
  "version" "8.8.0"
